
Microsoft Visual Studio Solution File, Format Version 12.00
# Visual Studio Version 16
VisualStudioVersion = 16.0.32228.343
MinimumVisualStudioVersion = 10.0.40219.1
Project("{2150E333-8FDC-42A3-9474-1A3956D46DE8}") = "Task0", "Task0", "{1EA620CD-376D-4DBB-B82C-1E7F40E12F13}"
EndProject
Project("{FAE04EC0-301F-11D3-BF4B-00C04F79EFBC}") = "Tyuiu.KolchakovDR.Sprint5.Task0.V14", "Tyuiu.KolchakovDR.Sprint5.Task0.V14\Tyuiu.KolchakovDR.Sprint5.Task0.V14.csproj", "{37D0A6CD-B700-4844-8F40-522DE6B2A96E}"
EndProject
Project("{FAE04EC0-301F-11D3-BF4B-00C04F79EFBC}") = "Tyuiu.KolchakovDR.Sprint5.Task0.V14.Lib", "Tyuiu.KolchakovDR.Sprint5.Task0.V14.Lib\Tyuiu.KolchakovDR.Sprint5.Task0.V14.Lib.csproj", "{B675E473-5D2B-413D-953D-A262EDAD3ACB}"
EndProject
Project("{FAE04EC0-301F-11D3-BF4B-00C04F79EFBC}") = "Tyuiu.KolchakovDR.Sprint5.Task0.V14.Test", "Tyuiu.KolchakovDR.Sprint5.Task0.V14.Test\Tyuiu.KolchakovDR.Sprint5.Task0.V14.Test.csproj", "{C11F63C1-9D3E-41FD-9448-F8ED9DB0785C}"
EndProject
Project("{FAE04EC0-301F-11D3-BF4B-00C04F79EFBC}") = "TaskHeaderGenerator", "TaskHeaderGenerator\TaskHeaderGenerator.csproj", "{B37A3CCA-5210-40C2-8432-F068723C81B7}"
EndProject
Project("{2150E333-8FDC-42A3-9474-1A3956D46DE8}") = "Task1", "Task1", "{AC75BCDB-8C09-4A4E-9640-9B0BD1486B9F}"
EndProject
Project("{FAE04EC0-301F-11D3-BF4B-00C04F79EFBC}") = "Tyuiu.KolchakovDR.Sprint5.Task1.V4", "Tyuiu.KolchakovDR.Sprint5.Task1.V4\Tyuiu.KolchakovDR.Sprint5.Task1.V4.csproj", "{8C652119-369E-4301-BA54-0751B9A7EFCF}"
EndProject
Project("{FAE04EC0-301F-11D3-BF4B-00C04F79EFBC}") = "Tyuiu.KolchakovDR.Sprint5.Task1.V4.Lib", "Tyuiu.KolchakovDR.Sprint5.Task1.V4.Lib\Tyuiu.KolchakovDR.Sprint5.Task1.V4.Lib.csproj", "{11D55BCE-AAC4-4DA7-8645-302405B1C74F}"
EndProject
Project("{FAE04EC0-301F-11D3-BF4B-00C04F79EFBC}") = "Tyuiu.KolchakovDR.Sprint5.Task1.V4.Test", "Tyuiu.KolchakovDR.Sprint5.Task1.V4.Test\Tyuiu.KolchakovDR.Sprint5.Task1.V4.Test.csproj", "{DD28C694-C7D6-4F09-BBBB-26E9FA62834E}"
EndProject
Project("{2150E333-8FDC-42A3-9474-1A3956D46DE8}") = "Task2", "Task2", "{99DB4D49-4E9D-48E8-B1EE-8776F4923F86}"
EndProject
Project("{FAE04EC0-301F-11D3-BF4B-00C04F79EFBC}") = "Tyuiu.KolchakovDR.Sprint5.Task2.V14", "Tyuiu.KolchakovDR.Sprint5.Task2.V14\Tyuiu.KolchakovDR.Sprint5.Task2.V14.csproj", "{CC3FB4A3-EB79-43DD-9B32-0820E65AEB4D}"
EndProject
Project("{FAE04EC0-301F-11D3-BF4B-00C04F79EFBC}") = "Tyuiu.KolchakovDR.Sprint5.Task2.V14.Lib", "Tyuiu.KolchakovDR.Sprint5.Task2.V14.Lib\Tyuiu.KolchakovDR.Sprint5.Task2.V14.Lib.csproj", "{06E2A701-22D7-4184-9CA9-EEA7CA763A68}"
EndProject
Project("{FAE04EC0-301F-11D3-BF4B-00C04F79EFBC}") = "Tyuiu.KolchakovDR.Sprint5.Task2.V14.Test", "Tyuiu.KolchakovDR.Sprint5.Task2.V14.Test\Tyuiu.KolchakovDR.Sprint5.Task2.V14.Test.csproj", "{513D282C-9614-4A4B-9091-1BAD3E383B0E}"
EndProject
Project("{2150E333-8FDC-42A3-9474-1A3956D46DE8}") = "Task3", "Task3", "{D407C826-9051-443C-9C1D-5F4EFF84D155}"
EndProject
Project("{FAE04EC0-301F-11D3-BF4B-00C04F79EFBC}") = "Tyuiu.KolchakovDR.Sprint5.Task3.V26", "Tyuiu.KolchakovDR.Sprint5.Task3.V26\Tyuiu.KolchakovDR.Sprint5.Task3.V26.csproj", "{3BE1A835-29B6-4654-AA7F-57B82AF97088}"
EndProject
Project("{FAE04EC0-301F-11D3-BF4B-00C04F79EFBC}") = "Tyuiu.KolchakovDR.Sprint5.Task3.V26.Lib", "Tyuiu.KolchakovDR.Sprint5.Task3.V26.Lib\Tyuiu.KolchakovDR.Sprint5.Task3.V26.Lib.csproj", "{760BA60D-1F07-4D4A-8052-5090012022DC}"
EndProject
Project("{FAE04EC0-301F-11D3-BF4B-00C04F79EFBC}") = "Tyuiu.KolchakovDR.Sprint5.Task3.V26.Test", "Tyuiu.KolchakovDR.Sprint5.Task3.V26.Test\Tyuiu.KolchakovDR.Sprint5.Task3.V26.Test.csproj", "{478170CB-4191-42DF-B1EF-89C0DCE5FD16}"
EndProject
Project("{2150E333-8FDC-42A3-9474-1A3956D46DE8}") = "Task4", "Task4", "{923FB30A-09D7-4D65-A638-B1F72BF6A5E7}"
EndProject
Project("{FAE04EC0-301F-11D3-BF4B-00C04F79EFBC}") = "Tyuiu.KolchakovDR.Sprint5.Task4.V12", "Tyuiu.KolchakovDR.Sprint5.Task4.V12\Tyuiu.KolchakovDR.Sprint5.Task4.V12.csproj", "{FF47CA73-89B3-4EF6-8ECC-00F801622220}"
EndProject
Project("{FAE04EC0-301F-11D3-BF4B-00C04F79EFBC}") = "Tyuiu.KolchakovDR.Sprint5.Task4.V12.Lib", "Tyuiu.KolchakovDR.Sprint5.Task4.V12.Lib\Tyuiu.KolchakovDR.Sprint5.Task4.V12.Lib.csproj", "{9F38263C-7ACF-45B0-97B4-684F1FB5E9B1}"
EndProject
Project("{FAE04EC0-301F-11D3-BF4B-00C04F79EFBC}") = "Tyuiu.KolchakovDR.Sprint5.Task4.V12.Test", "Tyuiu.KolchakovDR.Sprint5.Task4.V12.Test\Tyuiu.KolchakovDR.Sprint5.Task4.V12.Test.csproj", "{993D47D6-7AFC-4263-9173-CF5313BFCC7F}"
EndProject
Project("{2150E333-8FDC-42A3-9474-1A3956D46DE8}") = "Task5", "Task5", "{B220B9A0-B0E5-418D-A609-8E28FEEC2752}"
EndProject
Project("{FAE04EC0-301F-11D3-BF4B-00C04F79EFBC}") = "Tyuiu.KolchakovDR.Sprint5.Task5.V28", "Tyuiu.KolchakovDR.Sprint5.Task5.V28\Tyuiu.KolchakovDR.Sprint5.Task5.V28.csproj", "{CA4E7EA7-00FE-4EA5-8176-666326DC3F36}"
EndProject
Project("{FAE04EC0-301F-11D3-BF4B-00C04F79EFBC}") = "Tyuiu.KolchakovDR.Sprint5.Task5.V28.Lib", "Tyuiu.KolchakovDR.Sprint5.Task5.V28.Lib\Tyuiu.KolchakovDR.Sprint5.Task5.V28.Lib.csproj", "{5A5C22C0-A452-4F6B-87E2-7DE9A3EDD1BC}"
EndProject
Project("{FAE04EC0-301F-11D3-BF4B-00C04F79EFBC}") = "Tyuiu.KolchakovDR.Sprint5.Task5.V28.Test", "Tyuiu.KolchakovDR.Sprint5.Task5.V28.Test\Tyuiu.KolchakovDR.Sprint5.Task5.V28.Test.csproj", "{DF144425-AAEB-4AC6-8920-D937B83E9126}"
EndProject
Project("{2150E333-8FDC-42A3-9474-1A3956D46DE8}") = "Task6", "Task6", "{EE576FA9-7141-4264-BB9C-C7C9DD120309}"
EndProject
Project("{FAE04EC0-301F-11D3-BF4B-00C04F79EFBC}") = "Tyuiu.KolchakovDR.Sprint5.Task6.V8", "Tyuiu.KolchakovDR.Sprint5.Task6.V8\Tyuiu.KolchakovDR.Sprint5.Task6.V8.csproj", "{962D5C93-84E5-441B-8D42-C79CE0AF1901}"
EndProject
Project("{FAE04EC0-301F-11D3-BF4B-00C04F79EFBC}") = "Tyuiu.KolchakovDR.Sprint5.Task6.V8.Lib", "Tyuiu.KolchakovDR.Sprint5.Task6.V8.Lib\Tyuiu.KolchakovDR.Sprint5.Task6.V8.Lib.csproj", "{DFAE4919-DEFA-4429-9E5E-1A1593AE1897}"
EndProject
Project("{FAE04EC0-301F-11D3-BF4B-00C04F79EFBC}") = "Tyuiu.KolchakovDR.Sprint5.Task6.V8.Test", "Tyuiu.KolchakovDR.Sprint5.Task6.V8.Test\Tyuiu.KolchakovDR.Sprint5.Task6.V8.Test.csproj", "{C41B553F-DE7C-4F88-8924-976649BBB05E}"
EndProject
Project("{2150E333-8FDC-42A3-9474-1A3956D46DE8}") = "Task7", "Task7", "{C927ACCB-11BE-41DB-A63F-395DB2261713}"
EndProject
Project("{FAE04EC0-301F-11D3-BF4B-00C04F79EFBC}") = "Tyuiu.KolchakovDR.Sprint5.Task7.V24", "Tyuiu.KolchakovDR.Sprint5.Task7.V24\Tyuiu.KolchakovDR.Sprint5.Task7.V24.csproj", "{6D750D05-74C4-41C6-B983-070E1DF20A7B}"
EndProject
Project("{FAE04EC0-301F-11D3-BF4B-00C04F79EFBC}") = "Tyuiu.KolchakovDR.Sprint5.Task7.V24.Lib", "Tyuiu.KolchakovDR.Sprint5.Task7.V24.Lib\Tyuiu.KolchakovDR.Sprint5.Task7.V24.Lib.csproj", "{85A5E42D-5848-40C7-8EE7-2BEF45F28ED2}"
EndProject
Project("{FAE04EC0-301F-11D3-BF4B-00C04F79EFBC}") = "Tyuiu.KolchakovDR.Sprint5.Task7.V24.Test", "Tyuiu.KolchakovDR.Sprint5.Task7.V24.Test\Tyuiu.KolchakovDR.Sprint5.Task7.V24.Test.csproj", "{D0D35AF2-BF11-48D9-BEBC-FA11FD7744BD}"
EndProject
Global
	GlobalSection(SolutionConfigurationPlatforms) = preSolution
		Debug|Any CPU = Debug|Any CPU
		Release|Any CPU = Release|Any CPU
	EndGlobalSection
	GlobalSection(ProjectConfigurationPlatforms) = postSolution
		{37D0A6CD-B700-4844-8F40-522DE6B2A96E}.Debug|Any CPU.ActiveCfg = Debug|Any CPU
		{37D0A6CD-B700-4844-8F40-522DE6B2A96E}.Debug|Any CPU.Build.0 = Debug|Any CPU
		{37D0A6CD-B700-4844-8F40-522DE6B2A96E}.Release|Any CPU.ActiveCfg = Release|Any CPU
		{37D0A6CD-B700-4844-8F40-522DE6B2A96E}.Release|Any CPU.Build.0 = Release|Any CPU
		{B675E473-5D2B-413D-953D-A262EDAD3ACB}.Debug|Any CPU.ActiveCfg = Debug|Any CPU
		{B675E473-5D2B-413D-953D-A262EDAD3ACB}.Debug|Any CPU.Build.0 = Debug|Any CPU
		{B675E473-5D2B-413D-953D-A262EDAD3ACB}.Release|Any CPU.ActiveCfg = Release|Any CPU
		{B675E473-5D2B-413D-953D-A262EDAD3ACB}.Release|Any CPU.Build.0 = Release|Any CPU
		{C11F63C1-9D3E-41FD-9448-F8ED9DB0785C}.Debug|Any CPU.ActiveCfg = Debug|Any CPU
		{C11F63C1-9D3E-41FD-9448-F8ED9DB0785C}.Debug|Any CPU.Build.0 = Debug|Any CPU
		{C11F63C1-9D3E-41FD-9448-F8ED9DB0785C}.Release|Any CPU.ActiveCfg = Release|Any CPU
		{C11F63C1-9D3E-41FD-9448-F8ED9DB0785C}.Release|Any CPU.Build.0 = Release|Any CPU
		{B37A3CCA-5210-40C2-8432-F068723C81B7}.Debug|Any CPU.ActiveCfg = Debug|Any CPU
		{B37A3CCA-5210-40C2-8432-F068723C81B7}.Debug|Any CPU.Build.0 = Debug|Any CPU
		{B37A3CCA-5210-40C2-8432-F068723C81B7}.Release|Any CPU.ActiveCfg = Release|Any CPU
		{B37A3CCA-5210-40C2-8432-F068723C81B7}.Release|Any CPU.Build.0 = Release|Any CPU
		{8C652119-369E-4301-BA54-0751B9A7EFCF}.Debug|Any CPU.ActiveCfg = Debug|Any CPU
		{8C652119-369E-4301-BA54-0751B9A7EFCF}.Debug|Any CPU.Build.0 = Debug|Any CPU
		{8C652119-369E-4301-BA54-0751B9A7EFCF}.Release|Any CPU.ActiveCfg = Release|Any CPU
		{8C652119-369E-4301-BA54-0751B9A7EFCF}.Release|Any CPU.Build.0 = Release|Any CPU
		{11D55BCE-AAC4-4DA7-8645-302405B1C74F}.Debug|Any CPU.ActiveCfg = Debug|Any CPU
		{11D55BCE-AAC4-4DA7-8645-302405B1C74F}.Debug|Any CPU.Build.0 = Debug|Any CPU
		{11D55BCE-AAC4-4DA7-8645-302405B1C74F}.Release|Any CPU.ActiveCfg = Release|Any CPU
		{11D55BCE-AAC4-4DA7-8645-302405B1C74F}.Release|Any CPU.Build.0 = Release|Any CPU
		{DD28C694-C7D6-4F09-BBBB-26E9FA62834E}.Debug|Any CPU.ActiveCfg = Debug|Any CPU
		{DD28C694-C7D6-4F09-BBBB-26E9FA62834E}.Debug|Any CPU.Build.0 = Debug|Any CPU
		{DD28C694-C7D6-4F09-BBBB-26E9FA62834E}.Release|Any CPU.ActiveCfg = Release|Any CPU
		{DD28C694-C7D6-4F09-BBBB-26E9FA62834E}.Release|Any CPU.Build.0 = Release|Any CPU
		{CC3FB4A3-EB79-43DD-9B32-0820E65AEB4D}.Debug|Any CPU.ActiveCfg = Debug|Any CPU
		{CC3FB4A3-EB79-43DD-9B32-0820E65AEB4D}.Debug|Any CPU.Build.0 = Debug|Any CPU
		{CC3FB4A3-EB79-43DD-9B32-0820E65AEB4D}.Release|Any CPU.ActiveCfg = Release|Any CPU
		{CC3FB4A3-EB79-43DD-9B32-0820E65AEB4D}.Release|Any CPU.Build.0 = Release|Any CPU
		{06E2A701-22D7-4184-9CA9-EEA7CA763A68}.Debug|Any CPU.ActiveCfg = Debug|Any CPU
		{06E2A701-22D7-4184-9CA9-EEA7CA763A68}.Debug|Any CPU.Build.0 = Debug|Any CPU
		{06E2A701-22D7-4184-9CA9-EEA7CA763A68}.Release|Any CPU.ActiveCfg = Release|Any CPU
		{06E2A701-22D7-4184-9CA9-EEA7CA763A68}.Release|Any CPU.Build.0 = Release|Any CPU
		{513D282C-9614-4A4B-9091-1BAD3E383B0E}.Debug|Any CPU.ActiveCfg = Debug|Any CPU
		{513D282C-9614-4A4B-9091-1BAD3E383B0E}.Debug|Any CPU.Build.0 = Debug|Any CPU
		{513D282C-9614-4A4B-9091-1BAD3E383B0E}.Release|Any CPU.ActiveCfg = Release|Any CPU
		{513D282C-9614-4A4B-9091-1BAD3E383B0E}.Release|Any CPU.Build.0 = Release|Any CPU
		{3BE1A835-29B6-4654-AA7F-57B82AF97088}.Debug|Any CPU.ActiveCfg = Debug|Any CPU
		{3BE1A835-29B6-4654-AA7F-57B82AF97088}.Debug|Any CPU.Build.0 = Debug|Any CPU
		{3BE1A835-29B6-4654-AA7F-57B82AF97088}.Release|Any CPU.ActiveCfg = Release|Any CPU
		{3BE1A835-29B6-4654-AA7F-57B82AF97088}.Release|Any CPU.Build.0 = Release|Any CPU
		{760BA60D-1F07-4D4A-8052-5090012022DC}.Debug|Any CPU.ActiveCfg = Debug|Any CPU
		{760BA60D-1F07-4D4A-8052-5090012022DC}.Debug|Any CPU.Build.0 = Debug|Any CPU
		{760BA60D-1F07-4D4A-8052-5090012022DC}.Release|Any CPU.ActiveCfg = Release|Any CPU
		{760BA60D-1F07-4D4A-8052-5090012022DC}.Release|Any CPU.Build.0 = Release|Any CPU
		{478170CB-4191-42DF-B1EF-89C0DCE5FD16}.Debug|Any CPU.ActiveCfg = Debug|Any CPU
		{478170CB-4191-42DF-B1EF-89C0DCE5FD16}.Debug|Any CPU.Build.0 = Debug|Any CPU
		{478170CB-4191-42DF-B1EF-89C0DCE5FD16}.Release|Any CPU.ActiveCfg = Release|Any CPU
		{478170CB-4191-42DF-B1EF-89C0DCE5FD16}.Release|Any CPU.Build.0 = Release|Any CPU
		{FF47CA73-89B3-4EF6-8ECC-00F801622220}.Debug|Any CPU.ActiveCfg = Debug|Any CPU
		{FF47CA73-89B3-4EF6-8ECC-00F801622220}.Debug|Any CPU.Build.0 = Debug|Any CPU
		{FF47CA73-89B3-4EF6-8ECC-00F801622220}.Release|Any CPU.ActiveCfg = Release|Any CPU
		{FF47CA73-89B3-4EF6-8ECC-00F801622220}.Release|Any CPU.Build.0 = Release|Any CPU
		{9F38263C-7ACF-45B0-97B4-684F1FB5E9B1}.Debug|Any CPU.ActiveCfg = Debug|Any CPU
		{9F38263C-7ACF-45B0-97B4-684F1FB5E9B1}.Debug|Any CPU.Build.0 = Debug|Any CPU
		{9F38263C-7ACF-45B0-97B4-684F1FB5E9B1}.Release|Any CPU.ActiveCfg = Release|Any CPU
		{9F38263C-7ACF-45B0-97B4-684F1FB5E9B1}.Release|Any CPU.Build.0 = Release|Any CPU
		{993D47D6-7AFC-4263-9173-CF5313BFCC7F}.Debug|Any CPU.ActiveCfg = Debug|Any CPU
		{993D47D6-7AFC-4263-9173-CF5313BFCC7F}.Debug|Any CPU.Build.0 = Debug|Any CPU
		{993D47D6-7AFC-4263-9173-CF5313BFCC7F}.Release|Any CPU.ActiveCfg = Release|Any CPU
		{993D47D6-7AFC-4263-9173-CF5313BFCC7F}.Release|Any CPU.Build.0 = Release|Any CPU
		{CA4E7EA7-00FE-4EA5-8176-666326DC3F36}.Debug|Any CPU.ActiveCfg = Debug|Any CPU
		{CA4E7EA7-00FE-4EA5-8176-666326DC3F36}.Debug|Any CPU.Build.0 = Debug|Any CPU
		{CA4E7EA7-00FE-4EA5-8176-666326DC3F36}.Release|Any CPU.ActiveCfg = Release|Any CPU
		{CA4E7EA7-00FE-4EA5-8176-666326DC3F36}.Release|Any CPU.Build.0 = Release|Any CPU
		{5A5C22C0-A452-4F6B-87E2-7DE9A3EDD1BC}.Debug|Any CPU.ActiveCfg = Debug|Any CPU
		{5A5C22C0-A452-4F6B-87E2-7DE9A3EDD1BC}.Debug|Any CPU.Build.0 = Debug|Any CPU
		{5A5C22C0-A452-4F6B-87E2-7DE9A3EDD1BC}.Release|Any CPU.ActiveCfg = Release|Any CPU
		{5A5C22C0-A452-4F6B-87E2-7DE9A3EDD1BC}.Release|Any CPU.Build.0 = Release|Any CPU
		{DF144425-AAEB-4AC6-8920-D937B83E9126}.Debug|Any CPU.ActiveCfg = Debug|Any CPU
		{DF144425-AAEB-4AC6-8920-D937B83E9126}.Debug|Any CPU.Build.0 = Debug|Any CPU
		{DF144425-AAEB-4AC6-8920-D937B83E9126}.Release|Any CPU.ActiveCfg = Release|Any CPU
		{DF144425-AAEB-4AC6-8920-D937B83E9126}.Release|Any CPU.Build.0 = Release|Any CPU
		{962D5C93-84E5-441B-8D42-C79CE0AF1901}.Debug|Any CPU.ActiveCfg = Debug|Any CPU
		{962D5C93-84E5-441B-8D42-C79CE0AF1901}.Debug|Any CPU.Build.0 = Debug|Any CPU
		{962D5C93-84E5-441B-8D42-C79CE0AF1901}.Release|Any CPU.ActiveCfg = Release|Any CPU
		{962D5C93-84E5-441B-8D42-C79CE0AF1901}.Release|Any CPU.Build.0 = Release|Any CPU
		{DFAE4919-DEFA-4429-9E5E-1A1593AE1897}.Debug|Any CPU.ActiveCfg = Debug|Any CPU
		{DFAE4919-DEFA-4429-9E5E-1A1593AE1897}.Debug|Any CPU.Build.0 = Debug|Any CPU
		{DFAE4919-DEFA-4429-9E5E-1A1593AE1897}.Release|Any CPU.ActiveCfg = Release|Any CPU
		{DFAE4919-DEFA-4429-9E5E-1A1593AE1897}.Release|Any CPU.Build.0 = Release|Any CPU
		{C41B553F-DE7C-4F88-8924-976649BBB05E}.Debug|Any CPU.ActiveCfg = Debug|Any CPU
		{C41B553F-DE7C-4F88-8924-976649BBB05E}.Debug|Any CPU.Build.0 = Debug|Any CPU
		{C41B553F-DE7C-4F88-8924-976649BBB05E}.Release|Any CPU.ActiveCfg = Release|Any CPU
		{C41B553F-DE7C-4F88-8924-976649BBB05E}.Release|Any CPU.Build.0 = Release|Any CPU
		{6D750D05-74C4-41C6-B983-070E1DF20A7B}.Debug|Any CPU.ActiveCfg = Debug|Any CPU
		{6D750D05-74C4-41C6-B983-070E1DF20A7B}.Debug|Any CPU.Build.0 = Debug|Any CPU
		{6D750D05-74C4-41C6-B983-070E1DF20A7B}.Release|Any CPU.ActiveCfg = Release|Any CPU
		{6D750D05-74C4-41C6-B983-070E1DF20A7B}.Release|Any CPU.Build.0 = Release|Any CPU
		{85A5E42D-5848-40C7-8EE7-2BEF45F28ED2}.Debug|Any CPU.ActiveCfg = Debug|Any CPU
		{85A5E42D-5848-40C7-8EE7-2BEF45F28ED2}.Debug|Any CPU.Build.0 = Debug|Any CPU
		{85A5E42D-5848-40C7-8EE7-2BEF45F28ED2}.Release|Any CPU.ActiveCfg = Release|Any CPU
		{85A5E42D-5848-40C7-8EE7-2BEF45F28ED2}.Release|Any CPU.Build.0 = Release|Any CPU
		{D0D35AF2-BF11-48D9-BEBC-FA11FD7744BD}.Debug|Any CPU.ActiveCfg = Debug|Any CPU
		{D0D35AF2-BF11-48D9-BEBC-FA11FD7744BD}.Debug|Any CPU.Build.0 = Debug|Any CPU
		{D0D35AF2-BF11-48D9-BEBC-FA11FD7744BD}.Release|Any CPU.ActiveCfg = Release|Any CPU
		{D0D35AF2-BF11-48D9-BEBC-FA11FD7744BD}.Release|Any CPU.Build.0 = Release|Any CPU
	EndGlobalSection
	GlobalSection(SolutionProperties) = preSolution
		HideSolutionNode = FALSE
	EndGlobalSection
	GlobalSection(NestedProjects) = preSolution
		{37D0A6CD-B700-4844-8F40-522DE6B2A96E} = {1EA620CD-376D-4DBB-B82C-1E7F40E12F13}
		{B675E473-5D2B-413D-953D-A262EDAD3ACB} = {1EA620CD-376D-4DBB-B82C-1E7F40E12F13}
		{C11F63C1-9D3E-41FD-9448-F8ED9DB0785C} = {1EA620CD-376D-4DBB-B82C-1E7F40E12F13}
		{8C652119-369E-4301-BA54-0751B9A7EFCF} = {AC75BCDB-8C09-4A4E-9640-9B0BD1486B9F}
		{11D55BCE-AAC4-4DA7-8645-302405B1C74F} = {AC75BCDB-8C09-4A4E-9640-9B0BD1486B9F}
		{DD28C694-C7D6-4F09-BBBB-26E9FA62834E} = {AC75BCDB-8C09-4A4E-9640-9B0BD1486B9F}
		{CC3FB4A3-EB79-43DD-9B32-0820E65AEB4D} = {99DB4D49-4E9D-48E8-B1EE-8776F4923F86}
		{06E2A701-22D7-4184-9CA9-EEA7CA763A68} = {99DB4D49-4E9D-48E8-B1EE-8776F4923F86}
		{513D282C-9614-4A4B-9091-1BAD3E383B0E} = {99DB4D49-4E9D-48E8-B1EE-8776F4923F86}
		{3BE1A835-29B6-4654-AA7F-57B82AF97088} = {D407C826-9051-443C-9C1D-5F4EFF84D155}
		{760BA60D-1F07-4D4A-8052-5090012022DC} = {D407C826-9051-443C-9C1D-5F4EFF84D155}
		{478170CB-4191-42DF-B1EF-89C0DCE5FD16} = {D407C826-9051-443C-9C1D-5F4EFF84D155}
		{FF47CA73-89B3-4EF6-8ECC-00F801622220} = {923FB30A-09D7-4D65-A638-B1F72BF6A5E7}
		{9F38263C-7ACF-45B0-97B4-684F1FB5E9B1} = {923FB30A-09D7-4D65-A638-B1F72BF6A5E7}
		{993D47D6-7AFC-4263-9173-CF5313BFCC7F} = {923FB30A-09D7-4D65-A638-B1F72BF6A5E7}
		{CA4E7EA7-00FE-4EA5-8176-666326DC3F36} = {B220B9A0-B0E5-418D-A609-8E28FEEC2752}
		{5A5C22C0-A452-4F6B-87E2-7DE9A3EDD1BC} = {B220B9A0-B0E5-418D-A609-8E28FEEC2752}
		{DF144425-AAEB-4AC6-8920-D937B83E9126} = {B220B9A0-B0E5-418D-A609-8E28FEEC2752}
		{962D5C93-84E5-441B-8D42-C79CE0AF1901} = {EE576FA9-7141-4264-BB9C-C7C9DD120309}
		{DFAE4919-DEFA-4429-9E5E-1A1593AE1897} = {EE576FA9-7141-4264-BB9C-C7C9DD120309}
		{C41B553F-DE7C-4F88-8924-976649BBB05E} = {EE576FA9-7141-4264-BB9C-C7C9DD120309}
		{6D750D05-74C4-41C6-B983-070E1DF20A7B} = {C927ACCB-11BE-41DB-A63F-395DB2261713}
		{85A5E42D-5848-40C7-8EE7-2BEF45F28ED2} = {C927ACCB-11BE-41DB-A63F-395DB2261713}
		{D0D35AF2-BF11-48D9-BEBC-FA11FD7744BD} = {C927ACCB-11BE-41DB-A63F-395DB2261713}
	EndGlobalSection
	GlobalSection(ExtensibilityGlobals) = postSolution
		SolutionGuid = {B937F325-D6BD-49DE-BC5C-557659009F5D}
	EndGlobalSection
EndGlobal
