
Microsoft Visual Studio Solution File, Format Version 12.00
# Visual Studio Version 16
VisualStudioVersion = 16.0.32228.343
MinimumVisualStudioVersion = 10.0.40219.1
Project("{2150E333-8FDC-42A3-9474-1A3956D46DE8}") = "Task0", "Task0", "{1EA620CD-376D-4DBB-B82C-1E7F40E12F13}"
EndProject
Project("{FAE04EC0-301F-11D3-BF4B-00C04F79EFBC}") = "Tyuiu.KolchakovDR.Sprint5.Task0.V14", "Tyuiu.KolchakovDR.Sprint5.Task0.V14\Tyuiu.KolchakovDR.Sprint5.Task0.V14.csproj", "{37D0A6CD-B700-4844-8F40-522DE6B2A96E}"
EndProject
Project("{FAE04EC0-301F-11D3-BF4B-00C04F79EFBC}") = "Tyuiu.KolchakovDR.Sprint5.Task0.V14.Lib", "Tyuiu.KolchakovDR.Sprint5.Task0.V14.Lib\Tyuiu.KolchakovDR.Sprint5.Task0.V14.Lib.csproj", "{B675E473-5D2B-413D-953D-A262EDAD3ACB}"
EndProject
Project("{FAE04EC0-301F-11D3-BF4B-00C04F79EFBC}") = "Tyuiu.KolchakovDR.Sprint5.Task0.V14.Test", "Tyuiu.KolchakovDR.Sprint5.Task0.V14.Test\Tyuiu.KolchakovDR.Sprint5.Task0.V14.Test.csproj", "{C11F63C1-9D3E-41FD-9448-F8ED9DB0785C}"
EndProject
Project("{FAE04EC0-301F-11D3-BF4B-00C04F79EFBC}") = "TaskHeaderGenerator", "TaskHeaderGenerator\TaskHeaderGenerator.csproj", "{B37A3CCA-5210-40C2-8432-F068723C81B7}"
EndProject
Project("{2150E333-8FDC-42A3-9474-1A3956D46DE8}") = "Task1", "Task1", "{AC75BCDB-8C09-4A4E-9640-9B0BD1486B9F}"
EndProject
Project("{FAE04EC0-301F-11D3-BF4B-00C04F79EFBC}") = "Tyuiu.KolchakovDR.Sprint5.Task1.V4", "Tyuiu.KolchakovDR.Sprint5.Task1.V4\Tyuiu.KolchakovDR.Sprint5.Task1.V4.csproj", "{8C652119-369E-4301-BA54-0751B9A7EFCF}"
EndProject
Project("{FAE04EC0-301F-11D3-BF4B-00C04F79EFBC}") = "Tyuiu.KolchakovDR.Sprint5.Task1.V4.Lib", "Tyuiu.KolchakovDR.Sprint5.Task1.V4.Lib\Tyuiu.KolchakovDR.Sprint5.Task1.V4.Lib.csproj", "{11D55BCE-AAC4-4DA7-8645-302405B1C74F}"
EndProject
Project("{FAE04EC0-301F-11D3-BF4B-00C04F79EFBC}") = "Tyuiu.KolchakovDR.Sprint5.Task1.V4.Test", "Tyuiu.KolchakovDR.Sprint5.Task1.V4.Test\Tyuiu.KolchakovDR.Sprint5.Task1.V4.Test.csproj", "{DD28C694-C7D6-4F09-BBBB-26E9FA62834E}"
EndProject
Project("{2150E333-8FDC-42A3-9474-1A3956D46DE8}") = "Task2", "Task2", "{99DB4D49-4E9D-48E8-B1EE-8776F4923F86}"
EndProject
Project("{FAE04EC0-301F-11D3-BF4B-00C04F79EFBC}") = "Tyuiu.KolchakovDR.Sprint5.Task2.V14", "Tyuiu.KolchakovDR.Sprint5.Task2.V14\Tyuiu.KolchakovDR.Sprint5.Task2.V14.csproj", "{CC3FB4A3-EB79-43DD-9B32-0820E65AEB4D}"
EndProject
Project("{FAE04EC0-301F-11D3-BF4B-00C04F79EFBC}") = "Tyuiu.KolchakovDR.Sprint5.Task2.V14.Lib", "Tyuiu.KolchakovDR.Sprint5.Task2.V14.Lib\Tyuiu.KolchakovDR.Sprint5.Task2.V14.Lib.csproj", "{06E2A701-22D7-4184-9CA9-EEA7CA763A68}"
EndProject
Project("{FAE04EC0-301F-11D3-BF4B-00C04F79EFBC}") = "Tyuiu.KolchakovDR.Sprint5.Task2.V14.Test", "Tyuiu.KolchakovDR.Sprint5.Task2.V14.Test\Tyuiu.KolchakovDR.Sprint5.Task2.V14.Test.csproj", "{513D282C-9614-4A4B-9091-1BAD3E383B0E}"
EndProject
Global
	GlobalSection(SolutionConfigurationPlatforms) = preSolution
		Debug|Any CPU = Debug|Any CPU
		Release|Any CPU = Release|Any CPU
	EndGlobalSection
	GlobalSection(ProjectConfigurationPlatforms) = postSolution
		{37D0A6CD-B700-4844-8F40-522DE6B2A96E}.Debug|Any CPU.ActiveCfg = Debug|Any CPU
		{37D0A6CD-B700-4844-8F40-522DE6B2A96E}.Debug|Any CPU.Build.0 = Debug|Any CPU
		{37D0A6CD-B700-4844-8F40-522DE6B2A96E}.Release|Any CPU.ActiveCfg = Release|Any CPU
		{37D0A6CD-B700-4844-8F40-522DE6B2A96E}.Release|Any CPU.Build.0 = Release|Any CPU
		{B675E473-5D2B-413D-953D-A262EDAD3ACB}.Debug|Any CPU.ActiveCfg = Debug|Any CPU
		{B675E473-5D2B-413D-953D-A262EDAD3ACB}.Debug|Any CPU.Build.0 = Debug|Any CPU
		{B675E473-5D2B-413D-953D-A262EDAD3ACB}.Release|Any CPU.ActiveCfg = Release|Any CPU
		{B675E473-5D2B-413D-953D-A262EDAD3ACB}.Release|Any CPU.Build.0 = Release|Any CPU
		{C11F63C1-9D3E-41FD-9448-F8ED9DB0785C}.Debug|Any CPU.ActiveCfg = Debug|Any CPU
		{C11F63C1-9D3E-41FD-9448-F8ED9DB0785C}.Debug|Any CPU.Build.0 = Debug|Any CPU
		{C11F63C1-9D3E-41FD-9448-F8ED9DB0785C}.Release|Any CPU.ActiveCfg = Release|Any CPU
		{C11F63C1-9D3E-41FD-9448-F8ED9DB0785C}.Release|Any CPU.Build.0 = Release|Any CPU
		{B37A3CCA-5210-40C2-8432-F068723C81B7}.Debug|Any CPU.ActiveCfg = Debug|Any CPU
		{B37A3CCA-5210-40C2-8432-F068723C81B7}.Debug|Any CPU.Build.0 = Debug|Any CPU
		{B37A3CCA-5210-40C2-8432-F068723C81B7}.Release|Any CPU.ActiveCfg = Release|Any CPU
		{B37A3CCA-5210-40C2-8432-F068723C81B7}.Release|Any CPU.Build.0 = Release|Any CPU
		{8C652119-369E-4301-BA54-0751B9A7EFCF}.Debug|Any CPU.ActiveCfg = Debug|Any CPU
		{8C652119-369E-4301-BA54-0751B9A7EFCF}.Debug|Any CPU.Build.0 = Debug|Any CPU
		{8C652119-369E-4301-BA54-0751B9A7EFCF}.Release|Any CPU.ActiveCfg = Release|Any CPU
		{8C652119-369E-4301-BA54-0751B9A7EFCF}.Release|Any CPU.Build.0 = Release|Any CPU
		{11D55BCE-AAC4-4DA7-8645-302405B1C74F}.Debug|Any CPU.ActiveCfg = Debug|Any CPU
		{11D55BCE-AAC4-4DA7-8645-302405B1C74F}.Debug|Any CPU.Build.0 = Debug|Any CPU
		{11D55BCE-AAC4-4DA7-8645-302405B1C74F}.Release|Any CPU.ActiveCfg = Release|Any CPU
		{11D55BCE-AAC4-4DA7-8645-302405B1C74F}.Release|Any CPU.Build.0 = Release|Any CPU
		{DD28C694-C7D6-4F09-BBBB-26E9FA62834E}.Debug|Any CPU.ActiveCfg = Debug|Any CPU
		{DD28C694-C7D6-4F09-BBBB-26E9FA62834E}.Debug|Any CPU.Build.0 = Debug|Any CPU
		{DD28C694-C7D6-4F09-BBBB-26E9FA62834E}.Release|Any CPU.ActiveCfg = Release|Any CPU
		{DD28C694-C7D6-4F09-BBBB-26E9FA62834E}.Release|Any CPU.Build.0 = Release|Any CPU
		{CC3FB4A3-EB79-43DD-9B32-0820E65AEB4D}.Debug|Any CPU.ActiveCfg = Debug|Any CPU
		{CC3FB4A3-EB79-43DD-9B32-0820E65AEB4D}.Debug|Any CPU.Build.0 = Debug|Any CPU
		{CC3FB4A3-EB79-43DD-9B32-0820E65AEB4D}.Release|Any CPU.ActiveCfg = Release|Any CPU
		{CC3FB4A3-EB79-43DD-9B32-0820E65AEB4D}.Release|Any CPU.Build.0 = Release|Any CPU
		{06E2A701-22D7-4184-9CA9-EEA7CA763A68}.Debug|Any CPU.ActiveCfg = Debug|Any CPU
		{06E2A701-22D7-4184-9CA9-EEA7CA763A68}.Debug|Any CPU.Build.0 = Debug|Any CPU
		{06E2A701-22D7-4184-9CA9-EEA7CA763A68}.Release|Any CPU.ActiveCfg = Release|Any CPU
		{06E2A701-22D7-4184-9CA9-EEA7CA763A68}.Release|Any CPU.Build.0 = Release|Any CPU
		{513D282C-9614-4A4B-9091-1BAD3E383B0E}.Debug|Any CPU.ActiveCfg = Debug|Any CPU
		{513D282C-9614-4A4B-9091-1BAD3E383B0E}.Debug|Any CPU.Build.0 = Debug|Any CPU
		{513D282C-9614-4A4B-9091-1BAD3E383B0E}.Release|Any CPU.ActiveCfg = Release|Any CPU
		{513D282C-9614-4A4B-9091-1BAD3E383B0E}.Release|Any CPU.Build.0 = Release|Any CPU
	EndGlobalSection
	GlobalSection(SolutionProperties) = preSolution
		HideSolutionNode = FALSE
	EndGlobalSection
	GlobalSection(NestedProjects) = preSolution
		{37D0A6CD-B700-4844-8F40-522DE6B2A96E} = {1EA620CD-376D-4DBB-B82C-1E7F40E12F13}
		{B675E473-5D2B-413D-953D-A262EDAD3ACB} = {1EA620CD-376D-4DBB-B82C-1E7F40E12F13}
		{C11F63C1-9D3E-41FD-9448-F8ED9DB0785C} = {1EA620CD-376D-4DBB-B82C-1E7F40E12F13}
		{8C652119-369E-4301-BA54-0751B9A7EFCF} = {AC75BCDB-8C09-4A4E-9640-9B0BD1486B9F}
		{11D55BCE-AAC4-4DA7-8645-302405B1C74F} = {AC75BCDB-8C09-4A4E-9640-9B0BD1486B9F}
		{DD28C694-C7D6-4F09-BBBB-26E9FA62834E} = {AC75BCDB-8C09-4A4E-9640-9B0BD1486B9F}
		{CC3FB4A3-EB79-43DD-9B32-0820E65AEB4D} = {99DB4D49-4E9D-48E8-B1EE-8776F4923F86}
		{06E2A701-22D7-4184-9CA9-EEA7CA763A68} = {99DB4D49-4E9D-48E8-B1EE-8776F4923F86}
		{513D282C-9614-4A4B-9091-1BAD3E383B0E} = {99DB4D49-4E9D-48E8-B1EE-8776F4923F86}
	EndGlobalSection
	GlobalSection(ExtensibilityGlobals) = postSolution
		SolutionGuid = {B937F325-D6BD-49DE-BC5C-557659009F5D}
	EndGlobalSection
EndGlobal
